{
  "name": "primrose",
  "lockfileVersion": 3,
  "requires": true,
  "packages": {
    "": {
      "dependencies": {
        "isbot": "^3.6.13"
      }
    },
    "node_modules/isbot": {
      "version": "3.6.13",
      "resolved": "https://registry.npmjs.org/isbot/-/isbot-3.6.13.tgz",
      "integrity": "sha512-uoP4uK5Dc2CrabmK+Gue1jTL+scHiCc1c9rblRpJwG8CPxjLIv8jmGyyGRGkbPOweayhkskdZsEQXG6p+QCQrg==",
      "engines": {
        "node": ">=12"
      }
    }
  }
}
